
Microsoft Visual Studio Solution File, Format Version 12.00
# Visual Studio 15
VisualStudioVersion = 15.0.28307.421
MinimumVisualStudioVersion = 10.0.40219.1
Project("{9A19103F-16F7-4668-BE54-9A1E7A4F7556}") = "OA.Data", "TouristPalceOnion\OA.Data.csproj", "{4A64919D-A6C9-4B48-A29C-03B6278C0AD1}"
EndProject
Project("{9A19103F-16F7-4668-BE54-9A1E7A4F7556}") = "OA.Repo", "OA.Repo\OA.Repo.csproj", "{52A3E6A3-659C-4FE4-A18B-99DE3E1BD7D2}"
EndProject
Project("{9A19103F-16F7-4668-BE54-9A1E7A4F7556}") = "OA.Service", "OA.Service\OA.Service.csproj", "{501F9D81-39A9-4DD0-9A5B-5B421618FCBE}"
EndProject
Project("{9A19103F-16F7-4668-BE54-9A1E7A4F7556}") = "OA.Web", "WebApplication1\OA.Web.csproj", "{3DF4AB56-8CC1-4B43-98FB-75E3D2BA9869}"
EndProject
Project("{FAE04EC0-301F-11D3-BF4B-00C04F79EFBC}") = "RestApi", "RestApi\RestApi.csproj", "{F31304F2-8B15-433F-A155-BC9932BB59F3}"
EndProject
Global
	GlobalSection(SolutionConfigurationPlatforms) = preSolution
		Debug|Any CPU = Debug|Any CPU
		Release|Any CPU = Release|Any CPU
	EndGlobalSection
	GlobalSection(ProjectConfigurationPlatforms) = postSolution
		{4A64919D-A6C9-4B48-A29C-03B6278C0AD1}.Debug|Any CPU.ActiveCfg = Debug|Any CPU
		{4A64919D-A6C9-4B48-A29C-03B6278C0AD1}.Debug|Any CPU.Build.0 = Debug|Any CPU
		{4A64919D-A6C9-4B48-A29C-03B6278C0AD1}.Release|Any CPU.ActiveCfg = Release|Any CPU
		{4A64919D-A6C9-4B48-A29C-03B6278C0AD1}.Release|Any CPU.Build.0 = Release|Any CPU
		{52A3E6A3-659C-4FE4-A18B-99DE3E1BD7D2}.Debug|Any CPU.ActiveCfg = Debug|Any CPU
		{52A3E6A3-659C-4FE4-A18B-99DE3E1BD7D2}.Debug|Any CPU.Build.0 = Debug|Any CPU
		{52A3E6A3-659C-4FE4-A18B-99DE3E1BD7D2}.Release|Any CPU.ActiveCfg = Release|Any CPU
		{52A3E6A3-659C-4FE4-A18B-99DE3E1BD7D2}.Release|Any CPU.Build.0 = Release|Any CPU
		{501F9D81-39A9-4DD0-9A5B-5B421618FCBE}.Debug|Any CPU.ActiveCfg = Debug|Any CPU
		{501F9D81-39A9-4DD0-9A5B-5B421618FCBE}.Debug|Any CPU.Build.0 = Debug|Any CPU
		{501F9D81-39A9-4DD0-9A5B-5B421618FCBE}.Release|Any CPU.ActiveCfg = Release|Any CPU
		{501F9D81-39A9-4DD0-9A5B-5B421618FCBE}.Release|Any CPU.Build.0 = Release|Any CPU
		{3DF4AB56-8CC1-4B43-98FB-75E3D2BA9869}.Debug|Any CPU.ActiveCfg = Debug|Any CPU
		{3DF4AB56-8CC1-4B43-98FB-75E3D2BA9869}.Debug|Any CPU.Build.0 = Debug|Any CPU
		{3DF4AB56-8CC1-4B43-98FB-75E3D2BA9869}.Release|Any CPU.ActiveCfg = Release|Any CPU
		{3DF4AB56-8CC1-4B43-98FB-75E3D2BA9869}.Release|Any CPU.Build.0 = Release|Any CPU
		{F31304F2-8B15-433F-A155-BC9932BB59F3}.Debug|Any CPU.ActiveCfg = Debug|Any CPU
		{F31304F2-8B15-433F-A155-BC9932BB59F3}.Debug|Any CPU.Build.0 = Debug|Any CPU
		{F31304F2-8B15-433F-A155-BC9932BB59F3}.Release|Any CPU.ActiveCfg = Release|Any CPU
		{F31304F2-8B15-433F-A155-BC9932BB59F3}.Release|Any CPU.Build.0 = Release|Any CPU
	EndGlobalSection
	GlobalSection(SolutionProperties) = preSolution
		HideSolutionNode = FALSE
	EndGlobalSection
	GlobalSection(ExtensibilityGlobals) = postSolution
		SolutionGuid = {C398707D-8644-4EF8-A460-798237C77B2A}
	EndGlobalSection
EndGlobal
